
Microsoft Visual Studio Solution File, Format Version 12.00
# Visual Studio Version 17
VisualStudioVersion = 17.5.002.0
MinimumVisualStudioVersion = 10.0.40219.1
Project("{2150E333-8FDC-42A3-9474-1A3956D46DE8}") = "Projects", "Projects", "{D1A277E9-2BC5-4050-A32A-3359C78A2FAF}"
EndProject
Project("{9A19103F-16F7-4668-BE54-9A1E7A4F7556}") = "HelloWorld", "Projects\HelloWorld\HelloWorld.csproj", "{59C8157F-FC15-4A90-A896-8AA6A1852A2D}"
EndProject
Global
	GlobalSection(SolutionConfigurationPlatforms) = preSolution
		Debug|Any CPU = Debug|Any CPU
		Release|Any CPU = Release|Any CPU
	EndGlobalSection
	GlobalSection(ProjectConfigurationPlatforms) = postSolution
		{59C8157F-FC15-4A90-A896-8AA6A1852A2D}.Debug|Any CPU.ActiveCfg = Debug|Any CPU
		{59C8157F-FC15-4A90-A896-8AA6A1852A2D}.Debug|Any CPU.Build.0 = Debug|Any CPU
		{59C8157F-FC15-4A90-A896-8AA6A1852A2D}.Release|Any CPU.ActiveCfg = Release|Any CPU
		{59C8157F-FC15-4A90-A896-8AA6A1852A2D}.Release|Any CPU.Build.0 = Release|Any CPU
	EndGlobalSection
	GlobalSection(SolutionProperties) = preSolution
		HideSolutionNode = FALSE
	EndGlobalSection
	GlobalSection(NestedProjects) = preSolution
		{59C8157F-FC15-4A90-A896-8AA6A1852A2D} = {D1A277E9-2BC5-4050-A32A-3359C78A2FAF}
	EndGlobalSection
	GlobalSection(ExtensibilityGlobals) = postSolution
		SolutionGuid = {C1AC27F0-79CB-48F3-9941-AC3352844771}
	EndGlobalSection
EndGlobal
